<?xml version="1.0" encoding="UTF-8" standalone="yes" ?>
<CodeBlocks_project_file>
	<FileVersion major="1" minor="6" />
	<Project>
		<Option title="apidb" />
		<Option pch_mode="2" />
		<Option compiler="gcc" />
		<Build>
			<Target title="Debug">
				<Option output="bin/Debug/apidb" prefix_auto="1" extension_auto="1" />
				<Option object_output="obj/Debug/" />
				<Option type="1" />
				<Option compiler="gcc" />
				<Compiler>
					<Add option="-g" />
					<Add option="-DLINUX" />
					<Add option="-DCODEBLOCKS" />
					<Add option="-DLINUX_GENTOO" />
					<Add directory="../core/src" />
					<Add directory="../db/abstract/src" />
					<Add directory="../db/maria/src" />
					<Add directory="/usr/include/libxml2" />
					<Add directory="/lib64" />
				</Compiler>
				<Linker>
					<Add option="-lxml2" />
					<Add option="-ldl" />
					<Add option="-loctetos-core" />
					<Add option="-loctetos-db-abstract" />
					<Add option="-loctetos-db-maria" />
					<Add option="-lmariadb" />
					<Add option="-ltar" />
					<Add option="-loctetos-coreutils" />
					<Add option="-lfl" />
					<Add library="src/mariadb-reader-c++/bin/Debug/libmariadb-reader.so" />
					<Add directory="../core/bin/Debug" />
					<Add directory="../db/abstract/bin/Debug" />
					<Add directory="../db/maria/bin/Debug" />
					<Add directory="/usr/lib" />
				</Linker>
			</Target>
			<Target title="Release">
				<Option output="bin/Release/apidb" prefix_auto="1" extension_auto="1" />
				<Option object_output="obj/Release/" />
				<Option type="1" />
				<Option compiler="gcc" />
				<Compiler>
					<Add option="-O2" />
				</Compiler>
				<Linker>
					<Add option="-s" />
				</Linker>
			</Target>
		</Build>
		<Compiler>
			<Add option="-Wall" />
			<Add option="-fexceptions" />
		</Compiler>
		<Unit filename="src/ConfigureProject-compress-tar.cpp" />
		<Unit filename="src/ConfigureProject-xml.cpp" />
		<Unit filename="src/ConfigureProject.cpp" />
		<Unit filename="src/ConfigureProject.hpp" />
		<Unit filename="src/Errors.cpp" />
		<Unit filename="src/Errors.hpp" />
		<Unit filename="src/analyzer.cpp" />
		<Unit filename="src/analyzer.hpp" />
		<Unit filename="src/apidb-build.cpp" />
		<Unit filename="src/apidb.cpp" />
		<Unit filename="src/apidb.hpp" />
		<Unit filename="src/common-mariadb.cpp" />
		<Unit filename="src/common-mariadb.hpp" />
		<Unit filename="src/common.cpp" />
		<Unit filename="src/common.hpp" />
		<Unit filename="src/driver.cpp" />
		<Unit filename="src/driver.hpp" />
		<Unit filename="src/dynamic-mariadb.cpp" />
		<Unit filename="src/dynamic.hh" />
		<Unit filename="src/generator-c++.cpp" />
		<Unit filename="src/generator-cmake.cpp" />
		<Unit filename="src/generator-java.cpp" />
		<Unit filename="src/generator-maven.cpp" />
		<Unit filename="src/generator.cpp" />
		<Unit filename="src/generator.hpp" />
		<Unit filename="src/versionInfo-cb.h" />
		<Extensions />
	</Project>
</CodeBlocks_project_file>
